
Microsoft Visual Studio Solution File, Format Version 11.00
# Visual Studio 2010
Project("{8BC9CEB8-8B4A-11D0-8D11-00A0C91BC942}") = "monkey eat peach", "monkey eat peach\monkey eat peach.vcxproj", "{4FCAA2F0-E881-4E05-880D-6E54B926D2E5}"
EndProject
Global
	GlobalSection(SolutionConfigurationPlatforms) = preSolution
		Debug|Win32 = Debug|Win32
		Release|Win32 = Release|Win32
	EndGlobalSection
	GlobalSection(ProjectConfigurationPlatforms) = postSolution
		{4FCAA2F0-E881-4E05-880D-6E54B926D2E5}.Debug|Win32.ActiveCfg = Debug|Win32
		{4FCAA2F0-E881-4E05-880D-6E54B926D2E5}.Debug|Win32.Build.0 = Debug|Win32
		{4FCAA2F0-E881-4E05-880D-6E54B926D2E5}.Release|Win32.ActiveCfg = Release|Win32
		{4FCAA2F0-E881-4E05-880D-6E54B926D2E5}.Release|Win32.Build.0 = Release|Win32
	EndGlobalSection
	GlobalSection(SolutionProperties) = preSolution
		HideSolutionNode = FALSE
	EndGlobalSection
EndGlobal
